
Microsoft Visual Studio Solution File, Format Version 12.00
# Visual Studio Version 17
VisualStudioVersion = 17.5.33530.505
MinimumVisualStudioVersion = 10.0.40219.1
Project("{FAE04EC0-301F-11D3-BF4B-00C04F79EFBC}") = "MinimalBookApi", "MinimalBookApi\MinimalBookApi.csproj", "{2A73F612-2F58-481A-9705-CF6DA98F9F55}"
EndProject
Global
	GlobalSection(SolutionConfigurationPlatforms) = preSolution
		Debug|Any CPU = Debug|Any CPU
		Release|Any CPU = Release|Any CPU
	EndGlobalSection
	GlobalSection(ProjectConfigurationPlatforms) = postSolution
		{2A73F612-2F58-481A-9705-CF6DA98F9F55}.Debug|Any CPU.ActiveCfg = Debug|Any CPU
		{2A73F612-2F58-481A-9705-CF6DA98F9F55}.Debug|Any CPU.Build.0 = Debug|Any CPU
		{2A73F612-2F58-481A-9705-CF6DA98F9F55}.Release|Any CPU.ActiveCfg = Release|Any CPU
		{2A73F612-2F58-481A-9705-CF6DA98F9F55}.Release|Any CPU.Build.0 = Release|Any CPU
	EndGlobalSection
	GlobalSection(SolutionProperties) = preSolution
		HideSolutionNode = FALSE
	EndGlobalSection
	GlobalSection(ExtensibilityGlobals) = postSolution
		SolutionGuid = {0A3A9CDF-DE6D-406C-9280-8B11F8D7C273}
	EndGlobalSection
EndGlobal
